
Microsoft Visual Studio Solution File, Format Version 12.00
# Visual Studio Version 17
VisualStudioVersion = 17.7.34031.279
MinimumVisualStudioVersion = 10.0.40219.1
Project("{9A19103F-16F7-4668-BE54-9A1E7A4F7556}") = "Park4You", "Park4You\Park4You.csproj", "{B9551998-CA14-43C3-BE82-F51B02E2E9DC}"
EndProject
Global
	GlobalSection(SolutionConfigurationPlatforms) = preSolution
		Debug|Any CPU = Debug|Any CPU
		Release|Any CPU = Release|Any CPU
	EndGlobalSection
	GlobalSection(ProjectConfigurationPlatforms) = postSolution
		{B9551998-CA14-43C3-BE82-F51B02E2E9DC}.Debug|Any CPU.ActiveCfg = Debug|Any CPU
		{B9551998-CA14-43C3-BE82-F51B02E2E9DC}.Debug|Any CPU.Build.0 = Debug|Any CPU
		{B9551998-CA14-43C3-BE82-F51B02E2E9DC}.Release|Any CPU.ActiveCfg = Release|Any CPU
		{B9551998-CA14-43C3-BE82-F51B02E2E9DC}.Release|Any CPU.Build.0 = Release|Any CPU
	EndGlobalSection
	GlobalSection(SolutionProperties) = preSolution
		HideSolutionNode = FALSE
	EndGlobalSection
	GlobalSection(ExtensibilityGlobals) = postSolution
		SolutionGuid = {4B04F8E2-5256-4998-9849-C0A48E7364D7}
	EndGlobalSection
EndGlobal
